
Microsoft Visual Studio Solution File, Format Version 12.00
# Visual Studio Version 17
VisualStudioVersion = 17.9.34728.123
MinimumVisualStudioVersion = 10.0.40219.1
Project("{FAE04EC0-301F-11D3-BF4B-00C04F79EFBC}") = "SharpGPPAutologon", "SharpGPPAutologon\SharpGPPAutologon.csproj", "{0BB724A4-71E9-4CCC-8618-5D2898299780}"
EndProject
Global
	GlobalSection(SolutionConfigurationPlatforms) = preSolution
		Debug|Any CPU = Debug|Any CPU
		Release|Any CPU = Release|Any CPU
	EndGlobalSection
	GlobalSection(ProjectConfigurationPlatforms) = postSolution
		{0BB724A4-71E9-4CCC-8618-5D2898299780}.Debug|Any CPU.ActiveCfg = Debug|Any CPU
		{0BB724A4-71E9-4CCC-8618-5D2898299780}.Debug|Any CPU.Build.0 = Debug|Any CPU
		{0BB724A4-71E9-4CCC-8618-5D2898299780}.Release|Any CPU.ActiveCfg = Release|Any CPU
		{0BB724A4-71E9-4CCC-8618-5D2898299780}.Release|Any CPU.Build.0 = Release|Any CPU
	EndGlobalSection
	GlobalSection(SolutionProperties) = preSolution
		HideSolutionNode = FALSE
	EndGlobalSection
	GlobalSection(ExtensibilityGlobals) = postSolution
		SolutionGuid = {471DF519-63A1-4337-A556-A62BBB08D51F}
	EndGlobalSection
EndGlobal
